<?xml version="1.0" encoding="utf-8"?>
<Project ToolsVersion="4.0" xmlns="http://schemas.microsoft.com/developer/msbuild/2003">
  <ItemGroup>
    <Filter Include="Source Files">
      <UniqueIdentifier>{4FC737F1-C7A5-4376-A066-2A32D752A2FF}</UniqueIdentifier>
      <Extensions>cpp;c;cxx;def;odl;idl;hpj;bat;asm;asmx</Extensions>
    </Filter>
    <Filter Include="Header Files">
      <UniqueIdentifier>{93995380-89BD-4b04-88EB-625FBE52EBFB}</UniqueIdentifier>
      <Extensions>h;hpp;hxx;hm;inl;inc;xsd</Extensions>
    </Filter>
    <Filter Include="Header Files\io">
      <UniqueIdentifier>{60be22f4-4fe6-402e-8b8b-73cb40e7f92a}</UniqueIdentifier>
    </Filter>
    <Filter Include="Resource Files">
      <UniqueIdentifier>{67DA6AB6-F800-4c08-8B7A-83BB121AAD01}</UniqueIdentifier>
      <Extensions>rc;ico;cur;bmp;dlg;rc2;rct;bin;rgs;gif;jpg;jpeg;jpe;resx</Extensions>
    </Filter>
  </ItemGroup>
  <ItemGroup>
    <ClCompile Include="conv.cpp">
      <Filter>Source Files</Filter>
    </ClCompile>
    <ClCompile Include="iofile.cpp">
      <Filter>Source Files</Filter>
    </ClCompile>
    <ClCompile Include="iowave.cpp">
      <Filter>Source Files</Filter>
    </ClCompile>
    <ClCompile Include="mask.cpp">
      <Filter>Source Files</Filter>
    </ClCompile>
    <ClCompile Include="matrix.cpp">
      <Filter>Source Files</Filter>
    </ClCompile>
    <ClCompile Include="scale.cpp">
      <Filter>Source Files</Filter>
    </ClCompile>
    <ClCompile Include="spectrum.cpp">
      <Filter>Source Files</Filter>
    </ClCompile>
    <ClCompile Include="spl_c.cpp">
      <Filter>Source Files</Filter>
    </ClCompile>
    <ClCompile Include="spl_memory.cpp">
      <Filter>Source Files</Filter>
    </ClCompile>
    <ClCompile Include="vocal.cpp">
      <Filter>Source Files</Filter>
    </ClCompile>
    <ClCompile Include="iomic.cpp">
      <Filter>Source Files</Filter>
    </ClCompile>
    <ClCompile Include="iobuf.cpp">
      <Filter>Source Files</Filter>
    </ClCompile>
  </ItemGroup>
  <ItemGroup>
    <None Include="spl.def">
      <Filter>Source Files</Filter>
    </None>
  </ItemGroup>
  <ItemGroup>
    <ClInclude Include="common.h">
      <Filter>Header Files</Filter>
    </ClInclude>
    <ClInclude Include="const.h">
      <Filter>Header Files</Filter>
    </ClInclude>
    <ClInclude Include="conv.h">
      <Filter>Header Files</Filter>
    </ClInclude>
    <ClInclude Include="filters.h">
      <Filter>Header Files</Filter>
    </ClInclude>
    <ClInclude Include="mask.h">
      <Filter>Header Files</Filter>
    </ClInclude>
    <ClInclude Include="mask_helper.h">
      <Filter>Header Files</Filter>
    </ClInclude>
    <ClInclude Include="matrix.h">
      <Filter>Header Files</Filter>
    </ClInclude>
    <ClInclude Include="scale.h">
      <Filter>Header Files</Filter>
    </ClInclude>
    <ClInclude Include="signal.h">
      <Filter>Header Files</Filter>
    </ClInclude>
    <ClInclude Include="spectrum.h">
      <Filter>Header Files</Filter>
    </ClInclude>
    <ClInclude Include="spectrum_helper.h">
      <Filter>Header Files</Filter>
    </ClInclude>
    <ClInclude Include="spl_c.h">
      <Filter>Header Files</Filter>
    </ClInclude>
    <ClInclude Include="spl_types.h">
      <Filter>Header Files</Filter>
    </ClInclude>
    <ClInclude Include="vocal.h">
      <Filter>Header Files</Filter>
    </ClInclude>
    <ClInclude Include="wrap_struct.h">
      <Filter>Header Files</Filter>
    </ClInclude>
    <ClInclude Include="io.h">
      <Filter>Header Files\io</Filter>
    </ClInclude>
    <ClInclude Include="iobit.h">
      <Filter>Header Files\io</Filter>
    </ClInclude>
    <ClInclude Include="iofile.h">
      <Filter>Header Files\io</Filter>
    </ClInclude>
    <ClInclude Include="iomem.h">
      <Filter>Header Files\io</Filter>
    </ClInclude>
    <ClInclude Include="iowave.h">
      <Filter>Header Files\io</Filter>
    </ClInclude>
    <ClInclude Include="iowrap.h">
      <Filter>Header Files\io</Filter>
    </ClInclude>
    <ClInclude Include="membuf.h">
      <Filter>Header Files\io</Filter>
    </ClInclude>
    <ClInclude Include="iobuf.h">
      <Filter>Header Files\io</Filter>
    </ClInclude>
    <ClInclude Include="iomic.h">
      <Filter>Header Files\io</Filter>
    </ClInclude>
    <ClInclude Include="iosplit.h">
      <Filter>Header Files\io</Filter>
    </ClInclude>
  </ItemGroup>
</Project>